
Microsoft Visual Studio Solution File, Format Version 12.00
# Visual Studio Version 17
VisualStudioVersion = 17.8.34330.188
MinimumVisualStudioVersion = 10.0.40219.1
Project("{FAE04EC0-301F-11D3-BF4B-00C04F79EFBC}") = "CodingAccelerator-Terre", "CodingAccelerator-Terre\CodingAccelerator-Terre.csproj", "{62FD1897-82D9-412E-B7F6-6D2B84F9B20C}"
EndProject
Global
	GlobalSection(SolutionConfigurationPlatforms) = preSolution
		Debug|Any CPU = Debug|Any CPU
		Release|Any CPU = Release|Any CPU
	EndGlobalSection
	GlobalSection(ProjectConfigurationPlatforms) = postSolution
		{62FD1897-82D9-412E-B7F6-6D2B84F9B20C}.Debug|Any CPU.ActiveCfg = Debug|Any CPU
		{62FD1897-82D9-412E-B7F6-6D2B84F9B20C}.Debug|Any CPU.Build.0 = Debug|Any CPU
		{62FD1897-82D9-412E-B7F6-6D2B84F9B20C}.Release|Any CPU.ActiveCfg = Release|Any CPU
		{62FD1897-82D9-412E-B7F6-6D2B84F9B20C}.Release|Any CPU.Build.0 = Release|Any CPU
	EndGlobalSection
	GlobalSection(SolutionProperties) = preSolution
		HideSolutionNode = FALSE
	EndGlobalSection
	GlobalSection(ExtensibilityGlobals) = postSolution
		SolutionGuid = {DBEBD2A2-A770-4247-8048-2654931D7C73}
	EndGlobalSection
EndGlobal
